// !$*UTF8*$!
{
	archiveVersion = 1;
	classes = {
	};
	objectVersion = 46;
	objects = {

/* Begin PBXBuildFile section */
		400697ED13A1AB57003671A8 /* Node.cpp in Sources */ = {isa = PBXBuildFile; fileRef = 400697EB13A1AB57003671A8 /* Node.cpp */; };
		40FBA65C13991636003083E6 /* main.cpp in Sources */ = {isa = PBXBuildFile; fileRef = 40FBA65B13991636003083E6 /* main.cpp */; };
/* End PBXBuildFile section */

/* Begin PBXCopyFilesBuildPhase section */
		40FBA65513991636003083E6 /* CopyFiles */ = {
			isa = PBXCopyFilesBuildPhase;
			buildActionMask = 2147483647;
			dstPath = /usr/share/man/man1/;
			dstSubfolderSpec = 0;
			files = (
			);
			runOnlyForDeploymentPostprocessing = 1;
		};
/* End PBXCopyFilesBuildPhase section */

/* Begin PBXFileReference section */
		400697EB13A1AB57003671A8 /* Node.cpp */ = {isa = PBXFileReference; fileEncoding = 4; lastKnownFileType = sourcecode.cpp.cpp; name = Node.cpp; path = hw0.xcodeproj/Node.cpp; sourceTree = "<group>"; };
		400697EC13A1AB57003671A8 /* Node.h */ = {isa = PBXFileReference; fileEncoding = 4; lastKnownFileType = sourcecode.c.h; name = Node.h; path = hw0.xcodeproj/Node.h; sourceTree = "<group>"; };
		400938B51398F0B000930D37 /* main.cpp */ = {isa = PBXFileReference; lastKnownFileType = sourcecode.cpp.cpp; name = main.cpp; path = hw0.xcodeproj/main.cpp; sourceTree = "<group>"; };
		400938B71398F0D300930D37 /* Bag.h */ = {isa = PBXFileReference; lastKnownFileType = sourcecode.c.h; name = Bag.h; path = hw0.xcodeproj/Bag.h; sourceTree = "<group>"; };
		400938B81398F32B00930D37 /* Bag.cpp */ = {isa = PBXFileReference; lastKnownFileType = sourcecode.cpp.cpp; name = Bag.cpp; path = hw0.xcodeproj/Bag.cpp; sourceTree = "<group>"; };
		40FBA65713991636003083E6 /* hw0 */ = {isa = PBXFileReference; explicitFileType = "compiled.mach-o.executable"; includeInIndex = 0; path = hw0; sourceTree = BUILT_PRODUCTS_DIR; };
		40FBA65B13991636003083E6 /* main.cpp */ = {isa = PBXFileReference; lastKnownFileType = sourcecode.cpp.cpp; path = main.cpp; sourceTree = "<group>"; };
		40FBA65D13991636003083E6 /* hw0.1 */ = {isa = PBXFileReference; lastKnownFileType = text.man; path = hw0.1; sourceTree = "<group>"; };
/* End PBXFileReference section */

/* Begin PBXFrameworksBuildPhase section */
		40FBA65413991636003083E6 /* Frameworks */ = {
			isa = PBXFrameworksBuildPhase;
			buildActionMask = 2147483647;
			files = (
			);
			runOnlyForDeploymentPostprocessing = 0;
		};
/* End PBXFrameworksBuildPhase section */

/* Begin PBXGroup section */
		400938AC1398F06E00930D37 = {
			isa = PBXGroup;
			children = (
				400697EB13A1AB57003671A8 /* Node.cpp */,
				400697EC13A1AB57003671A8 /* Node.h */,
				400938B81398F32B00930D37 /* Bag.cpp */,
				400938B71398F0D300930D37 /* Bag.h */,
				400938B51398F0B000930D37 /* main.cpp */,
				40FBA65A13991636003083E6 /* hw0 */,
				40FBA65813991636003083E6 /* Products */,
			);
			sourceTree = "<group>";
		};
		40FBA65813991636003083E6 /* Products */ = {
			isa = PBXGroup;
			children = (
				40FBA65713991636003083E6 /* hw0 */,
			);
			name = Products;
			sourceTree = "<group>";
		};
		40FBA65A13991636003083E6 /* hw0 */ = {
			isa = PBXGroup;
			children = (
				40FBA65B13991636003083E6 /* main.cpp */,
				40FBA65D13991636003083E6 /* hw0.1 */,
			);
			path = hw0;
			sourceTree = "<group>";
		};
/* End PBXGroup section */

/* Begin PBXNativeTarget section */
		40FBA65613991636003083E6 /* hw0 */ = {
			isa = PBXNativeTarget;
			buildConfigurationList = 40FBA65E13991636003083E6 /* Build configuration list for PBXNativeTarget "hw0" */;
			buildPhases = (
				40FBA65313991636003083E6 /* Sources */,
				40FBA65413991636003083E6 /* Frameworks */,
				40FBA65513991636003083E6 /* CopyFiles */,
			);
			buildRules = (
			);
			dependencies = (
			);
			name = hw0;
			productName = hw0;
			productReference = 40FBA65713991636003083E6 /* hw0 */;
			productType = "com.apple.product-type.tool";
		};
/* End PBXNativeTarget section */

/* Begin PBXProject section */
		400938AE1398F06E00930D37 /* Project object */ = {
			isa = PBXProject;
			attributes = {
				ORGANIZATIONNAME = "Apple Computer";
			};
			buildConfigurationList = 400938B11398F06E00930D37 /* Build configuration list for PBXProject "hw0" */;
			compatibilityVersion = "Xcode 3.2";
			developmentRegion = English;
			hasScannedForEncodings = 0;
			knownRegions = (
				en,
			);
			mainGroup = 400938AC1398F06E00930D37;
			productRefGroup = 40FBA65813991636003083E6 /* Products */;
			projectDirPath = "";
			projectRoot = "";
			targets = (
				40FBA65613991636003083E6 /* hw0 */,
			);
		};
/* End PBXProject section */

/* Begin PBXSourcesBuildPhase section */
		40FBA65313991636003083E6 /* Sources */ = {
			isa = PBXSourcesBuildPhase;
			buildActionMask = 2147483647;
			files = (
				40FBA65C13991636003083E6 /* main.cpp in Sources */,
				400697ED13A1AB57003671A8 /* Node.cpp in Sources */,
			);
			runOnlyForDeploymentPostprocessing = 0;
		};
/* End PBXSourcesBuildPhase section */

/* Begin XCBuildConfiguration section */
		400938B31398F06E00930D37 /* Debug */ = {
			isa = XCBuildConfiguration;
			buildSettings = {
			};
			name = Debug;
		};
		400938B41398F06E00930D37 /* Release */ = {
			isa = XCBuildConfiguration;
			buildSettings = {
			};
			name = Release;
		};
		40FBA65F13991636003083E6 /* Debug */ = {
			isa = XCBuildConfiguration;
			buildSettings = {
				ALWAYS_SEARCH_USER_PATHS = NO;
				ARCHS = "$(ARCHS_STANDARD_32_64_BIT)";
				COPY_PHASE_STRIP = NO;
				GCC_C_LANGUAGE_STANDARD = gnu99;
				GCC_DYNAMIC_NO_PIC = NO;
				GCC_ENABLE_OBJC_EXCEPTIONS = YES;
				GCC_OPTIMIZATION_LEVEL = 0;
				GCC_PREPROCESSOR_DEFINITIONS = DEBUG;
				GCC_SYMBOLS_PRIVATE_EXTERN = NO;
				GCC_VERSION = com.apple.compilers.llvm.clang.1_0;
				GCC_WARN_64_TO_32_BIT_CONVERSION = YES;
				GCC_WARN_ABOUT_RETURN_TYPE = YES;
				GCC_WARN_UNUSED_VARIABLE = YES;
				MACOSX_DEPLOYMENT_TARGET = 10.6;
				ONLY_ACTIVE_ARCH = YES;
				PRODUCT_NAME = "$(TARGET_NAME)";
				SDKROOT = macosx;
			};
			name = Debug;
		};
		40FBA66013991636003083E6 /* Release */ = {
			isa = XCBuildConfiguration;
			buildSettings = {
				ALWAYS_SEARCH_USER_PATHS = NO;
				ARCHS = "$(ARCHS_STANDARD_32_64_BIT)";
				COPY_PHASE_STRIP = YES;
				DEBUG_INFORMATION_FORMAT = "dwarf-with-dsym";
				GCC_C_LANGUAGE_STANDARD = gnu99;
				GCC_ENABLE_OBJC_EXCEPTIONS = YES;
				GCC_VERSION = com.apple.compilers.llvm.clang.1_0;
				GCC_WARN_64_TO_32_BIT_CONVERSION = YES;
				GCC_WARN_ABOUT_RETURN_TYPE = YES;
				GCC_WARN_UNUSED_VARIABLE = YES;
				MACOSX_DEPLOYMENT_TARGET = 10.6;
				PRODUCT_NAME = "$(TARGET_NAME)";
				SDKROOT = macosx;
			};
			name = Release;
		};
/* End XCBuildConfiguration section */

/* Begin XCConfigurationList section */
		400938B11398F06E00930D37 /* Build configuration list for PBXProject "hw0" */ = {
			isa = XCConfigurationList;
			buildConfigurations = (
				400938B31398F06E00930D37 /* Debug */,
				400938B41398F06E00930D37 /* Release */,
			);
			defaultConfigurationIsVisible = 0;
			defaultConfigurationName = Release;
		};
		40FBA65E13991636003083E6 /* Build configuration list for PBXNativeTarget "hw0" */ = {
			isa = XCConfigurationList;
			buildConfigurations = (
				40FBA65F13991636003083E6 /* Debug */,
				40FBA66013991636003083E6 /* Release */,
			);
			defaultConfigurationIsVisible = 0;
			defaultConfigurationName = Release;
		};
/* End XCConfigurationList section */
	};
	rootObject = 400938AE1398F06E00930D37 /* Project object */;
}
