// !$*UTF8*$!
{
	archiveVersion = 1;
	classes = {
	};
	objectVersion = 46;
	objects = {

/* Begin PBXBuildFile section */
		400697FC13A1ECBC003671A8 /* main.cpp in Sources */ = {isa = PBXBuildFile; fileRef = 400938B51398F0B000930D37 /* main.cpp */; };
		400697FD13A1ECC3003671A8 /* Bag.cpp in Sources */ = {isa = PBXBuildFile; fileRef = 400938B81398F32B00930D37 /* Bag.cpp */; };
		400697FE13A1ECC5003671A8 /* Node.cpp in Sources */ = {isa = PBXBuildFile; fileRef = 400697EB13A1AB57003671A8 /* Node.cpp */; };
		4006980C13A1F356003671A8 /* Node.cpp in Sources */ = {isa = PBXBuildFile; fileRef = 400697EB13A1AB57003671A8 /* Node.cpp */; };
		4006980D13A1F356003671A8 /* Bag.cpp in Sources */ = {isa = PBXBuildFile; fileRef = 400938B81398F32B00930D37 /* Bag.cpp */; };
		4006980E13A1F356003671A8 /* main.cpp in Sources */ = {isa = PBXBuildFile; fileRef = 400938B51398F0B000930D37 /* main.cpp */; };
/* End PBXBuildFile section */

/* Begin PBXCopyFilesBuildPhase section */
		400697F113A1EC0D003671A8 /* CopyFiles */ = {
			isa = PBXCopyFilesBuildPhase;
			buildActionMask = 2147483647;
			dstPath = /usr/share/man/man1/;
			dstSubfolderSpec = 0;
			files = (
			);
			runOnlyForDeploymentPostprocessing = 1;
		};
		4006980113A1F33D003671A8 /* CopyFiles */ = {
			isa = PBXCopyFilesBuildPhase;
			buildActionMask = 2147483647;
			dstPath = /usr/share/man/man1/;
			dstSubfolderSpec = 0;
			files = (
			);
			runOnlyForDeploymentPostprocessing = 1;
		};
/* End PBXCopyFilesBuildPhase section */

/* Begin PBXFileReference section */
		400697EB13A1AB57003671A8 /* Node.cpp */ = {isa = PBXFileReference; fileEncoding = 4; lastKnownFileType = sourcecode.cpp.cpp; name = Node.cpp; path = hw0.xcodeproj/Node.cpp; sourceTree = "<group>"; };
		400697EC13A1AB57003671A8 /* Node.h */ = {isa = PBXFileReference; fileEncoding = 4; lastKnownFileType = sourcecode.c.h; name = Node.h; path = hw0.xcodeproj/Node.h; sourceTree = "<group>"; };
		400697F313A1EC0D003671A8 /* main */ = {isa = PBXFileReference; explicitFileType = "compiled.mach-o.executable"; includeInIndex = 0; path = main; sourceTree = BUILT_PRODUCTS_DIR; };
		400697F813A1EC0D003671A8 /* main.1 */ = {isa = PBXFileReference; lastKnownFileType = text.man; path = main.1; sourceTree = "<group>"; };
		4006980313A1F33D003671A8 /* hw0 */ = {isa = PBXFileReference; explicitFileType = "compiled.mach-o.executable"; includeInIndex = 0; path = hw0; sourceTree = BUILT_PRODUCTS_DIR; };
		4006980613A1F33D003671A8 /* main.cpp */ = {isa = PBXFileReference; lastKnownFileType = sourcecode.cpp.cpp; path = main.cpp; sourceTree = "<group>"; };
		4006980813A1F33D003671A8 /* hw0.1 */ = {isa = PBXFileReference; lastKnownFileType = text.man; path = hw0.1; sourceTree = "<group>"; };
		400938B51398F0B000930D37 /* main.cpp */ = {isa = PBXFileReference; lastKnownFileType = sourcecode.cpp.cpp; name = main.cpp; path = hw0.xcodeproj/main.cpp; sourceTree = "<group>"; };
		400938B71398F0D300930D37 /* Bag.h */ = {isa = PBXFileReference; lastKnownFileType = sourcecode.c.h; name = Bag.h; path = hw0.xcodeproj/Bag.h; sourceTree = "<group>"; };
		400938B81398F32B00930D37 /* Bag.cpp */ = {isa = PBXFileReference; lastKnownFileType = sourcecode.cpp.cpp; name = Bag.cpp; path = hw0.xcodeproj/Bag.cpp; sourceTree = "<group>"; };
/* End PBXFileReference section */

/* Begin PBXFrameworksBuildPhase section */
		400697F013A1EC0D003671A8 /* Frameworks */ = {
			isa = PBXFrameworksBuildPhase;
			buildActionMask = 2147483647;
			files = (
			);
			runOnlyForDeploymentPostprocessing = 0;
		};
		4006980013A1F33D003671A8 /* Frameworks */ = {
			isa = PBXFrameworksBuildPhase;
			buildActionMask = 2147483647;
			files = (
			);
			runOnlyForDeploymentPostprocessing = 0;
		};
/* End PBXFrameworksBuildPhase section */

/* Begin PBXGroup section */
		400697F513A1EC0D003671A8 /* main */ = {
			isa = PBXGroup;
			children = (
				400697F813A1EC0D003671A8 /* main.1 */,
			);
			path = main;
			sourceTree = "<group>";
		};
		4006980513A1F33D003671A8 /* hw0 */ = {
			isa = PBXGroup;
			children = (
				4006980613A1F33D003671A8 /* main.cpp */,
				4006980813A1F33D003671A8 /* hw0.1 */,
			);
			path = hw0;
			sourceTree = "<group>";
		};
		400938AC1398F06E00930D37 = {
			isa = PBXGroup;
			children = (
				400697EB13A1AB57003671A8 /* Node.cpp */,
				400697EC13A1AB57003671A8 /* Node.h */,
				400938B81398F32B00930D37 /* Bag.cpp */,
				400938B71398F0D300930D37 /* Bag.h */,
				400938B51398F0B000930D37 /* main.cpp */,
				400697F313A1EC0D003671A8 /* main */,
				400697F513A1EC0D003671A8 /* main */,
				4006980313A1F33D003671A8 /* hw0 */,
				4006980513A1F33D003671A8 /* hw0 */,
			);
			sourceTree = "<group>";
		};
/* End PBXGroup section */

/* Begin PBXNativeTarget section */
		400697F213A1EC0D003671A8 /* main */ = {
			isa = PBXNativeTarget;
			buildConfigurationList = 400697F913A1EC0D003671A8 /* Build configuration list for PBXNativeTarget "main" */;
			buildPhases = (
				400697EF13A1EC0D003671A8 /* Sources */,
				400697F013A1EC0D003671A8 /* Frameworks */,
				400697F113A1EC0D003671A8 /* CopyFiles */,
			);
			buildRules = (
			);
			dependencies = (
			);
			name = main;
			productName = main;
			productReference = 400697F313A1EC0D003671A8 /* main */;
			productType = "com.apple.product-type.tool";
		};
		4006980213A1F33D003671A8 /* hw0 */ = {
			isa = PBXNativeTarget;
			buildConfigurationList = 4006980913A1F33D003671A8 /* Build configuration list for PBXNativeTarget "hw0" */;
			buildPhases = (
				400697FF13A1F33D003671A8 /* Sources */,
				4006980013A1F33D003671A8 /* Frameworks */,
				4006980113A1F33D003671A8 /* CopyFiles */,
			);
			buildRules = (
			);
			dependencies = (
			);
			name = hw0;
			productName = hw0;
			productReference = 4006980313A1F33D003671A8 /* hw0 */;
			productType = "com.apple.product-type.tool";
		};
/* End PBXNativeTarget section */

/* Begin PBXProject section */
		400938AE1398F06E00930D37 /* Project object */ = {
			isa = PBXProject;
			attributes = {
				ORGANIZATIONNAME = "Apple Computer";
			};
			buildConfigurationList = 400938B11398F06E00930D37 /* Build configuration list for PBXProject "hw0" */;
			compatibilityVersion = "Xcode 3.2";
			developmentRegion = English;
			hasScannedForEncodings = 0;
			knownRegions = (
				en,
			);
			mainGroup = 400938AC1398F06E00930D37;
			productRefGroup = 400938AC1398F06E00930D37;
			projectDirPath = "";
			projectRoot = "";
			targets = (
				400697F213A1EC0D003671A8 /* main */,
				4006980213A1F33D003671A8 /* hw0 */,
			);
		};
/* End PBXProject section */

/* Begin PBXSourcesBuildPhase section */
		400697EF13A1EC0D003671A8 /* Sources */ = {
			isa = PBXSourcesBuildPhase;
			buildActionMask = 2147483647;
			files = (
				400697FC13A1ECBC003671A8 /* main.cpp in Sources */,
				400697FD13A1ECC3003671A8 /* Bag.cpp in Sources */,
				400697FE13A1ECC5003671A8 /* Node.cpp in Sources */,
			);
			runOnlyForDeploymentPostprocessing = 0;
		};
		400697FF13A1F33D003671A8 /* Sources */ = {
			isa = PBXSourcesBuildPhase;
			buildActionMask = 2147483647;
			files = (
				4006980C13A1F356003671A8 /* Node.cpp in Sources */,
				4006980D13A1F356003671A8 /* Bag.cpp in Sources */,
				4006980E13A1F356003671A8 /* main.cpp in Sources */,
			);
			runOnlyForDeploymentPostprocessing = 0;
		};
/* End PBXSourcesBuildPhase section */

/* Begin XCBuildConfiguration section */
		400697FA13A1EC0D003671A8 /* Debug */ = {
			isa = XCBuildConfiguration;
			buildSettings = {
				ALWAYS_SEARCH_USER_PATHS = NO;
				ARCHS = "$(ARCHS_STANDARD_32_64_BIT)";
				COPY_PHASE_STRIP = NO;
				GCC_C_LANGUAGE_STANDARD = gnu99;
				GCC_DYNAMIC_NO_PIC = NO;
				GCC_ENABLE_OBJC_EXCEPTIONS = YES;
				GCC_OPTIMIZATION_LEVEL = 0;
				GCC_PREPROCESSOR_DEFINITIONS = DEBUG;
				GCC_SYMBOLS_PRIVATE_EXTERN = NO;
				GCC_VERSION = com.apple.compilers.llvm.clang.1_0;
				GCC_WARN_64_TO_32_BIT_CONVERSION = YES;
				GCC_WARN_ABOUT_RETURN_TYPE = YES;
				GCC_WARN_UNUSED_VARIABLE = YES;
				MACOSX_DEPLOYMENT_TARGET = 10.6;
				ONLY_ACTIVE_ARCH = YES;
				PRODUCT_NAME = "$(TARGET_NAME)";
				SDKROOT = macosx;
			};
			name = Debug;
		};
		400697FB13A1EC0D003671A8 /* Release */ = {
			isa = XCBuildConfiguration;
			buildSettings = {
				ALWAYS_SEARCH_USER_PATHS = NO;
				ARCHS = "$(ARCHS_STANDARD_32_64_BIT)";
				COPY_PHASE_STRIP = YES;
				DEBUG_INFORMATION_FORMAT = "dwarf-with-dsym";
				GCC_C_LANGUAGE_STANDARD = gnu99;
				GCC_ENABLE_OBJC_EXCEPTIONS = YES;
				GCC_VERSION = com.apple.compilers.llvm.clang.1_0;
				GCC_WARN_64_TO_32_BIT_CONVERSION = YES;
				GCC_WARN_ABOUT_RETURN_TYPE = YES;
				GCC_WARN_UNUSED_VARIABLE = YES;
				MACOSX_DEPLOYMENT_TARGET = 10.6;
				PRODUCT_NAME = "$(TARGET_NAME)";
				SDKROOT = macosx;
			};
			name = Release;
		};
		4006980A13A1F33D003671A8 /* Debug */ = {
			isa = XCBuildConfiguration;
			buildSettings = {
				ALWAYS_SEARCH_USER_PATHS = NO;
				ARCHS = "$(ARCHS_STANDARD_32_64_BIT)";
				COPY_PHASE_STRIP = NO;
				GCC_C_LANGUAGE_STANDARD = gnu99;
				GCC_DYNAMIC_NO_PIC = NO;
				GCC_ENABLE_OBJC_EXCEPTIONS = YES;
				GCC_OPTIMIZATION_LEVEL = 0;
				GCC_PREPROCESSOR_DEFINITIONS = DEBUG;
				GCC_SYMBOLS_PRIVATE_EXTERN = NO;
				GCC_VERSION = com.apple.compilers.llvm.clang.1_0;
				GCC_WARN_64_TO_32_BIT_CONVERSION = YES;
				GCC_WARN_ABOUT_RETURN_TYPE = YES;
				GCC_WARN_UNUSED_VARIABLE = YES;
				MACOSX_DEPLOYMENT_TARGET = 10.6;
				ONLY_ACTIVE_ARCH = YES;
				PRODUCT_NAME = "$(TARGET_NAME)";
				SDKROOT = macosx;
			};
			name = Debug;
		};
		4006980B13A1F33D003671A8 /* Release */ = {
			isa = XCBuildConfiguration;
			buildSettings = {
				ALWAYS_SEARCH_USER_PATHS = NO;
				ARCHS = "$(ARCHS_STANDARD_32_64_BIT)";
				COPY_PHASE_STRIP = YES;
				DEBUG_INFORMATION_FORMAT = "dwarf-with-dsym";
				GCC_C_LANGUAGE_STANDARD = gnu99;
				GCC_ENABLE_OBJC_EXCEPTIONS = YES;
				GCC_VERSION = com.apple.compilers.llvm.clang.1_0;
				GCC_WARN_64_TO_32_BIT_CONVERSION = YES;
				GCC_WARN_ABOUT_RETURN_TYPE = YES;
				GCC_WARN_UNUSED_VARIABLE = YES;
				MACOSX_DEPLOYMENT_TARGET = 10.6;
				PRODUCT_NAME = "$(TARGET_NAME)";
				SDKROOT = macosx;
			};
			name = Release;
		};
		400938B31398F06E00930D37 /* Debug */ = {
			isa = XCBuildConfiguration;
			buildSettings = {
			};
			name = Debug;
		};
		400938B41398F06E00930D37 /* Release */ = {
			isa = XCBuildConfiguration;
			buildSettings = {
			};
			name = Release;
		};
/* End XCBuildConfiguration section */

/* Begin XCConfigurationList section */
		400697F913A1EC0D003671A8 /* Build configuration list for PBXNativeTarget "main" */ = {
			isa = XCConfigurationList;
			buildConfigurations = (
				400697FA13A1EC0D003671A8 /* Debug */,
				400697FB13A1EC0D003671A8 /* Release */,
			);
			defaultConfigurationIsVisible = 0;
		};
		4006980913A1F33D003671A8 /* Build configuration list for PBXNativeTarget "hw0" */ = {
			isa = XCConfigurationList;
			buildConfigurations = (
				4006980A13A1F33D003671A8 /* Debug */,
				4006980B13A1F33D003671A8 /* Release */,
			);
			defaultConfigurationIsVisible = 0;
		};
		400938B11398F06E00930D37 /* Build configuration list for PBXProject "hw0" */ = {
			isa = XCConfigurationList;
			buildConfigurations = (
				400938B31398F06E00930D37 /* Debug */,
				400938B41398F06E00930D37 /* Release */,
			);
			defaultConfigurationIsVisible = 0;
			defaultConfigurationName = Release;
		};
/* End XCConfigurationList section */
	};
	rootObject = 400938AE1398F06E00930D37 /* Project object */;
}
