// !$*UTF8*$!
{
	archiveVersion = 1;
	classes = {
	};
	objectVersion = 46;
	objects = {

/* Begin PBXBuildFile section */
		402A06B413F1097800B890B2 /* main.cpp in Sources */ = {isa = PBXBuildFile; fileRef = 402A06B313F1097800B890B2 /* main.cpp */; };
		402A06B613F1097800B890B2 /* hw4.1 in CopyFiles */ = {isa = PBXBuildFile; fileRef = 402A06B513F1097800B890B2 /* hw4.1 */; };
		4058272A13F7B70E000D9537 /* pgraph.template in Sources */ = {isa = PBXBuildFile; fileRef = 4058272813F7B70E000D9537 /* pgraph.template */; };
		40E2058013F7C17E0039483A /* dijkstra.template in Sources */ = {isa = PBXBuildFile; fileRef = 4058272B13F7BBF3000D9537 /* dijkstra.template */; };
/* End PBXBuildFile section */

/* Begin PBXCopyFilesBuildPhase section */
		402A06AD13F1097800B890B2 /* CopyFiles */ = {
			isa = PBXCopyFilesBuildPhase;
			buildActionMask = 2147483647;
			dstPath = /usr/share/man/man1/;
			dstSubfolderSpec = 0;
			files = (
				402A06B613F1097800B890B2 /* hw4.1 in CopyFiles */,
			);
			runOnlyForDeploymentPostprocessing = 1;
		};
/* End PBXCopyFilesBuildPhase section */

/* Begin PBXFileReference section */
		402A06AF13F1097800B890B2 /* hw4 */ = {isa = PBXFileReference; explicitFileType = "compiled.mach-o.executable"; includeInIndex = 0; path = hw4; sourceTree = BUILT_PRODUCTS_DIR; };
		402A06B313F1097800B890B2 /* main.cpp */ = {isa = PBXFileReference; lastKnownFileType = sourcecode.cpp.cpp; path = main.cpp; sourceTree = "<group>"; };
		402A06B513F1097800B890B2 /* hw4.1 */ = {isa = PBXFileReference; lastKnownFileType = text.man; path = hw4.1; sourceTree = "<group>"; };
		4058271A13F7A15D000D9537 /* Graph.cpp */ = {isa = PBXFileReference; fileEncoding = 4; lastKnownFileType = sourcecode.cpp.cpp; path = Graph.cpp; sourceTree = "<group>"; };
		4058271B13F7A15D000D9537 /* Graph.h */ = {isa = PBXFileReference; fileEncoding = 4; lastKnownFileType = sourcecode.c.h; path = Graph.h; sourceTree = "<group>"; };
		4058271E13F7A2CA000D9537 /* randair.8 */ = {isa = PBXFileReference; lastKnownFileType = text; path = randair.8; sourceTree = "<group>"; };
		4058271F13F7A2CA000D9537 /* randair.7 */ = {isa = PBXFileReference; lastKnownFileType = text; path = randair.7; sourceTree = "<group>"; };
		4058272013F7A2CA000D9537 /* randair.6 */ = {isa = PBXFileReference; lastKnownFileType = text; path = randair.6; sourceTree = "<group>"; };
		4058272113F7A2CA000D9537 /* randair.5 */ = {isa = PBXFileReference; lastKnownFileType = text; path = randair.5; sourceTree = "<group>"; };
		4058272213F7A2CA000D9537 /* randair.4 */ = {isa = PBXFileReference; lastKnownFileType = text; path = randair.4; sourceTree = "<group>"; };
		4058272313F7A2CA000D9537 /* randair.3 */ = {isa = PBXFileReference; lastKnownFileType = text; path = randair.3; sourceTree = "<group>"; };
		4058272413F7A2CA000D9537 /* randair.2 */ = {isa = PBXFileReference; lastKnownFileType = text; path = randair.2; sourceTree = "<group>"; };
		4058272513F7A2CA000D9537 /* randair.1 */ = {isa = PBXFileReference; lastKnownFileType = text.man; path = randair.1; sourceTree = "<group>"; };
		4058272613F7A2CA000D9537 /* randair.0 */ = {isa = PBXFileReference; lastKnownFileType = text; path = randair.0; sourceTree = "<group>"; };
		4058272813F7B70E000D9537 /* pgraph.template */ = {isa = PBXFileReference; fileEncoding = 4; lastKnownFileType = text; name = pgraph.template; path = ../pgraph.template; sourceTree = "<group>"; };
		4058272913F7B70E000D9537 /* pgraph.h */ = {isa = PBXFileReference; fileEncoding = 4; lastKnownFileType = sourcecode.c.h; name = pgraph.h; path = ../pgraph.h; sourceTree = "<group>"; };
		4058272B13F7BBF3000D9537 /* dijkstra.template */ = {isa = PBXFileReference; lastKnownFileType = text; name = dijkstra.template; path = ../dijkstra.template; sourceTree = "<group>"; };
		4058272C13F7BBF3000D9537 /* dijkstra.h */ = {isa = PBXFileReference; lastKnownFileType = sourcecode.c.h; name = dijkstra.h; path = ../dijkstra.h; sourceTree = "<group>"; };
/* End PBXFileReference section */

/* Begin PBXFrameworksBuildPhase section */
		402A06AC13F1097800B890B2 /* Frameworks */ = {
			isa = PBXFrameworksBuildPhase;
			buildActionMask = 2147483647;
			files = (
			);
			runOnlyForDeploymentPostprocessing = 0;
		};
/* End PBXFrameworksBuildPhase section */

/* Begin PBXGroup section */
		402A06A413F1097800B890B2 = {
			isa = PBXGroup;
			children = (
				402A06B213F1097800B890B2 /* hw4 */,
				402A06B013F1097800B890B2 /* Products */,
			);
			sourceTree = "<group>";
		};
		402A06B013F1097800B890B2 /* Products */ = {
			isa = PBXGroup;
			children = (
				402A06AF13F1097800B890B2 /* hw4 */,
			);
			name = Products;
			sourceTree = "<group>";
		};
		402A06B213F1097800B890B2 /* hw4 */ = {
			isa = PBXGroup;
			children = (
				4058272B13F7BBF3000D9537 /* dijkstra.template */,
				4058272C13F7BBF3000D9537 /* dijkstra.h */,
				4058272813F7B70E000D9537 /* pgraph.template */,
				4058272913F7B70E000D9537 /* pgraph.h */,
				402A06B313F1097800B890B2 /* main.cpp */,
				4058272713F7A2D7000D9537 /* data */,
				4058271A13F7A15D000D9537 /* Graph.cpp */,
				4058271B13F7A15D000D9537 /* Graph.h */,
				402A06B513F1097800B890B2 /* hw4.1 */,
			);
			path = hw4;
			sourceTree = "<group>";
		};
		4058272713F7A2D7000D9537 /* data */ = {
			isa = PBXGroup;
			children = (
				4058271E13F7A2CA000D9537 /* randair.8 */,
				4058271F13F7A2CA000D9537 /* randair.7 */,
				4058272013F7A2CA000D9537 /* randair.6 */,
				4058272113F7A2CA000D9537 /* randair.5 */,
				4058272213F7A2CA000D9537 /* randair.4 */,
				4058272313F7A2CA000D9537 /* randair.3 */,
				4058272413F7A2CA000D9537 /* randair.2 */,
				4058272513F7A2CA000D9537 /* randair.1 */,
				4058272613F7A2CA000D9537 /* randair.0 */,
			);
			name = data;
			sourceTree = "<group>";
		};
/* End PBXGroup section */

/* Begin PBXNativeTarget section */
		402A06AE13F1097800B890B2 /* hw4 */ = {
			isa = PBXNativeTarget;
			buildConfigurationList = 402A06B913F1097800B890B2 /* Build configuration list for PBXNativeTarget "hw4" */;
			buildPhases = (
				402A06AB13F1097800B890B2 /* Sources */,
				402A06AC13F1097800B890B2 /* Frameworks */,
				402A06AD13F1097800B890B2 /* CopyFiles */,
			);
			buildRules = (
			);
			dependencies = (
			);
			name = hw4;
			productName = hw4;
			productReference = 402A06AF13F1097800B890B2 /* hw4 */;
			productType = "com.apple.product-type.tool";
		};
/* End PBXNativeTarget section */

/* Begin PBXProject section */
		402A06A613F1097800B890B2 /* Project object */ = {
			isa = PBXProject;
			buildConfigurationList = 402A06A913F1097800B890B2 /* Build configuration list for PBXProject "hw4" */;
			compatibilityVersion = "Xcode 3.2";
			developmentRegion = English;
			hasScannedForEncodings = 0;
			knownRegions = (
				en,
			);
			mainGroup = 402A06A413F1097800B890B2;
			productRefGroup = 402A06B013F1097800B890B2 /* Products */;
			projectDirPath = "";
			projectRoot = "";
			targets = (
				402A06AE13F1097800B890B2 /* hw4 */,
			);
		};
/* End PBXProject section */

/* Begin PBXSourcesBuildPhase section */
		402A06AB13F1097800B890B2 /* Sources */ = {
			isa = PBXSourcesBuildPhase;
			buildActionMask = 2147483647;
			files = (
				40E2058013F7C17E0039483A /* dijkstra.template in Sources */,
				402A06B413F1097800B890B2 /* main.cpp in Sources */,
				4058272A13F7B70E000D9537 /* pgraph.template in Sources */,
			);
			runOnlyForDeploymentPostprocessing = 0;
		};
/* End PBXSourcesBuildPhase section */

/* Begin XCBuildConfiguration section */
		402A06B713F1097800B890B2 /* Debug */ = {
			isa = XCBuildConfiguration;
			buildSettings = {
				ALWAYS_SEARCH_USER_PATHS = NO;
				ARCHS = "$(ARCHS_STANDARD_64_BIT)";
				COPY_PHASE_STRIP = NO;
				GCC_C_LANGUAGE_STANDARD = gnu99;
				GCC_DYNAMIC_NO_PIC = NO;
				GCC_ENABLE_OBJC_EXCEPTIONS = YES;
				GCC_OPTIMIZATION_LEVEL = 0;
				GCC_PREPROCESSOR_DEFINITIONS = (
					"DEBUG=1",
					"$(inherited)",
				);
				GCC_SYMBOLS_PRIVATE_EXTERN = NO;
				GCC_VERSION = com.apple.compilers.llvm.clang.1_0;
				GCC_WARN_64_TO_32_BIT_CONVERSION = YES;
				GCC_WARN_ABOUT_MISSING_PROTOTYPES = YES;
				GCC_WARN_ABOUT_RETURN_TYPE = YES;
				GCC_WARN_UNUSED_VARIABLE = YES;
				MACOSX_DEPLOYMENT_TARGET = 10.7;
				ONLY_ACTIVE_ARCH = YES;
				SDKROOT = macosx;
			};
			name = Debug;
		};
		402A06B813F1097800B890B2 /* Release */ = {
			isa = XCBuildConfiguration;
			buildSettings = {
				ALWAYS_SEARCH_USER_PATHS = NO;
				ARCHS = "$(ARCHS_STANDARD_64_BIT)";
				COPY_PHASE_STRIP = YES;
				DEBUG_INFORMATION_FORMAT = "dwarf-with-dsym";
				GCC_C_LANGUAGE_STANDARD = gnu99;
				GCC_ENABLE_OBJC_EXCEPTIONS = YES;
				GCC_VERSION = com.apple.compilers.llvm.clang.1_0;
				GCC_WARN_64_TO_32_BIT_CONVERSION = YES;
				GCC_WARN_ABOUT_MISSING_PROTOTYPES = YES;
				GCC_WARN_ABOUT_RETURN_TYPE = YES;
				GCC_WARN_UNUSED_VARIABLE = YES;
				MACOSX_DEPLOYMENT_TARGET = 10.7;
				SDKROOT = macosx;
			};
			name = Release;
		};
		402A06BA13F1097800B890B2 /* Debug */ = {
			isa = XCBuildConfiguration;
			buildSettings = {
				MACOSX_DEPLOYMENT_TARGET = 10.6;
				PRODUCT_NAME = "$(TARGET_NAME)";
			};
			name = Debug;
		};
		402A06BB13F1097800B890B2 /* Release */ = {
			isa = XCBuildConfiguration;
			buildSettings = {
				MACOSX_DEPLOYMENT_TARGET = 10.6;
				PRODUCT_NAME = "$(TARGET_NAME)";
			};
			name = Release;
		};
/* End XCBuildConfiguration section */

/* Begin XCConfigurationList section */
		402A06A913F1097800B890B2 /* Build configuration list for PBXProject "hw4" */ = {
			isa = XCConfigurationList;
			buildConfigurations = (
				402A06B713F1097800B890B2 /* Debug */,
				402A06B813F1097800B890B2 /* Release */,
			);
			defaultConfigurationIsVisible = 0;
			defaultConfigurationName = Release;
		};
		402A06B913F1097800B890B2 /* Build configuration list for PBXNativeTarget "hw4" */ = {
			isa = XCConfigurationList;
			buildConfigurations = (
				402A06BA13F1097800B890B2 /* Debug */,
				402A06BB13F1097800B890B2 /* Release */,
			);
			defaultConfigurationIsVisible = 0;
			defaultConfigurationName = Release;
		};
/* End XCConfigurationList section */
	};
	rootObject = 402A06A613F1097800B890B2 /* Project object */;
}
